
Microsoft Visual Studio Solution File, Format Version 12.00
# Visual Studio Version 16
VisualStudioVersion = 16.0.31911.196
MinimumVisualStudioVersion = 10.0.40219.1
Project("{FAE04EC0-301F-11D3-BF4B-00C04F79EFBC}") = "MovieDemoClipper", "MovieDemoClipper.csproj", "{3F6A6C20-600B-40F7-8D97-E2F01C6F4E31}"
EndProject
Global
	GlobalSection(SolutionConfigurationPlatforms) = preSolution
		Debug|x64 = Debug|x64
		Release|x64 = Release|x64
	EndGlobalSection
	GlobalSection(ProjectConfigurationPlatforms) = postSolution
		{3F6A6C20-600B-40F7-8D97-E2F01C6F4E31}.Debug|x64.ActiveCfg = Debug|x64
		{3F6A6C20-600B-40F7-8D97-E2F01C6F4E31}.Debug|x64.Build.0 = Debug|x64
		{3F6A6C20-600B-40F7-8D97-E2F01C6F4E31}.Release|x64.ActiveCfg = Release|x64
		{3F6A6C20-600B-40F7-8D97-E2F01C6F4E31}.Release|x64.Build.0 = Release|x64
	EndGlobalSection
	GlobalSection(SolutionProperties) = preSolution
		HideSolutionNode = FALSE
	EndGlobalSection
	GlobalSection(ExtensibilityGlobals) = postSolution
		SolutionGuid = {C864CBAE-B660-4690-8D5C-12299F1015F1}
	EndGlobalSection
EndGlobal
